{
  "version": 4,
  "terraform_version": "1.7.5",
  "serial": 72,
  "lineage": "cff461e2-6eca-cca8-fbb0-e955cc08d29d",
  "outputs": {},
  "resources": [
    {
      "mode": "data",
      "type": "google_client_config",
      "name": "default",
      "provider": "provider[\"registry.terraform.io/hashicorp/google\"]",
      "instances": [
        {
          "schema_version": 0,
          "attributes": {
            "access_token": "ya29.c.c0AY_VpZgEqzBnEkJgHfsyJ-F2xvTyjg_JgiuU5GkQIK5aLlglUxkWR7ZLWeqKY9O3XCqeshHwHPUGqPrma5rCSlyBJl-qQH66ImRWZXFu616Z9572aUYAmdKJ3V0wxN5YLVWTIvOAy0TFaax3NLne50MMK7P5Emh833Jed9cG0bwJMDyYsThsFuYnq4OWB0P82sBB5egF2sHE-Nkn-1zyPK2-xn28tzpu6iC7nykWeJHxZiIUcew4zkkUJ39zQExmCp_D7osExkAExDTWGQUzUunJnJUihiaUDpAjGx1dnOHkXV1XTyN86zaaLicwnFSYZeIZ8kJCO0-h05NDtU4ZL6Ump6HMA1ANdgltSmRXVvtfEctBfF1HLUNbJQL387KnZzovZek-380gdMvkBqrVRovsjXU5oici5W4pfeItOywnfJidnXZ8-Ms9cfBglx68rsqWbgS4mISoyukfSzfJvvJrcI-hIya3fh3gaMQinX-Y00mkQIqBzqq9jzS6Oi46pwo4Y0ZxFukehaJFJlptY1icy1Wk-Sj_WUf0Z9IF7nFoWV3SrFu1sl6ukqu9Q92Qn_w15XIeU0i5ucQx5ed2z7hQVbtfYsk9tOn3p4vBOf8f36MbwRFcSdaI1Z-y0tdXIMZ-302FOy9IZvJ-ozzZ_wRwUnyg90MgS4aF7ZV4likynwQhzrl77_e0u71X356gqq5YiYwRbeo9dwwQ752Q_hJd6u6WIjeSusUeI5vI9BqYvjY1UBW5lF6YnXkm17Vih0rx-0YeByeMv_zBlXS30ak70BgbVUXk_yrJOxr9SYJnVfsopiOagoydlo1WayUubFWo8Ikv7t-S9nk2wBpnqX7oSwSf4572YfIyqbp6qaxMitkUY917IesyOd8__h6BJtUxhgVrf9rnp-wUUrYy5hp7_lbxWFbteMm12UWZmzIchcdlod6jdqV66peO4V7Ye78zSO3UglMuS3B2QWt67YxVms9JJY5g_Jn-lgYpBiFgJB58Ofdrwgn",
            "id": "projects/\"pure-polymer-417006\"/regions/\"us-west1\"/zones/\u003cnull\u003e",
            "project": "pure-polymer-417006",
            "region": "us-west1",
            "zone": null
          },
          "sensitive_attributes": []
        }
      ]
    },
    {
      "mode": "managed",
      "type": "google_container_cluster",
      "name": "main_gke_cluster",
      "provider": "provider[\"registry.terraform.io/hashicorp/google\"]",
      "instances": [
        {
          "schema_version": 2,
          "attributes": {
            "addons_config": [
              {
                "cloudrun_config": [],
                "config_connector_config": [],
                "dns_cache_config": [],
                "gce_persistent_disk_csi_driver_config": [
                  {
                    "enabled": true
                  }
                ],
                "gcp_filestore_csi_driver_config": [],
                "gcs_fuse_csi_driver_config": [],
                "gke_backup_agent_config": [],
                "horizontal_pod_autoscaling": [],
                "http_load_balancing": [],
                "network_policy_config": [
                  {
                    "disabled": true
                  }
                ]
              }
            ],
            "allow_net_admin": null,
            "authenticator_groups_config": [],
            "binary_authorization": [
              {
                "enabled": false,
                "evaluation_mode": ""
              }
            ],
            "cluster_autoscaling": [
              {
                "auto_provisioning_defaults": [],
                "autoscaling_profile": "BALANCED",
                "enabled": false,
                "resource_limits": []
              }
            ],
            "cluster_ipv4_cidr": "10.40.0.0/14",
            "confidential_nodes": [],
            "cost_management_config": [],
            "database_encryption": [
              {
                "key_name": "",
                "state": "DECRYPTED"
              }
            ],
            "datapath_provider": "",
            "default_max_pods_per_node": 110,
            "default_snat_status": [
              {
                "disabled": false
              }
            ],
            "deletion_protection": false,
            "description": "",
            "dns_config": [],
            "enable_autopilot": false,
            "enable_intranode_visibility": false,
            "enable_k8s_beta_apis": [],
            "enable_kubernetes_alpha": false,
            "enable_l4_ilb_subsetting": false,
            "enable_legacy_abac": false,
            "enable_shielded_nodes": true,
            "enable_tpu": false,
            "endpoint": "34.82.24.69",
            "fleet": [],
            "gateway_api_config": [],
            "id": "projects/pure-polymer-417006/locations/us-west1/clusters/kubernetes-new",
            "identity_service_config": [],
            "initial_node_count": 1,
            "ip_allocation_policy": [
              {
                "additional_pod_ranges_config": [],
                "cluster_ipv4_cidr_block": "10.40.0.0/14",
                "cluster_secondary_range_name": "gke-kubernetes-new-pods-bc58e2a6",
                "pod_cidr_overprovision_config": [
                  {
                    "disabled": false
                  }
                ],
                "services_ipv4_cidr_block": "10.0.224.0/20",
                "services_secondary_range_name": "gke-kubernetes-new-services-bc58e2a6",
                "stack_type": "IPV4"
              }
            ],
            "label_fingerprint": "a9dc16a7",
            "location": "us-west1",
            "logging_config": [
              {
                "enable_components": [
                  "SYSTEM_COMPONENTS",
                  "WORKLOADS"
                ]
              }
            ],
            "logging_service": "logging.googleapis.com/kubernetes",
            "maintenance_policy": [],
            "master_auth": [
              {
                "client_certificate": "",
                "client_certificate_config": [
                  {
                    "issue_client_certificate": false
                  }
                ],
                "client_key": "",
                "cluster_ca_certificate": "LS0tLS1CRUdJTiBDRVJUSUZJQ0FURS0tLS0tCk1JSUVMVENDQXBXZ0F3SUJBZ0lSQU9NbkRtUTkvQnU2VVY4V0VEbVZoWUl3RFFZSktvWklodmNOQVFFTEJRQXcKTHpFdE1Dc0dBMVVFQXhNa056bG1PREZrTTJZdE1qQXlNeTAwTWpoaExUZzJZV1V0T0RBMFpURXhaR1ppT1RVMApNQ0FYRFRJME1EUXdNekV4TWpFd05sb1lEekl3TlRRd016STNNVEl5TVRBMldqQXZNUzB3S3dZRFZRUURFeVEzCk9XWTRNV1F6WmkweU1ESXpMVFF5T0dFdE9EWmhaUzA0TURSbE1URmtabUk1TlRRd2dnR2lNQTBHQ1NxR1NJYjMKRFFFQkFRVUFBNElCandBd2dnR0tBb0lCZ1FDeGw2eVNTVGdtT1BhRVhwTU00dVNib09DTUJra1hzZkQydVZNRwpSYldIZ2xWVXVUSStoWXRiK3lJekRVNkViWkE0QlZMZGdjemlXbC9EeEdBZFpDcXIxaXg5Z1YyeGNFNWJ6U2FaCjJVS0JQa1ZEaGYxbW1IcEFITGpxTTU2cSsxOElNK0RCakNBL3l4SXVEczYwNnNtUzkwM0FwdmZzamJZRWU5d0wKK2lWazlQSHZaektQTTNqMDBnMWhUalFUeTBPZ0o4RUkrM0dROFR0YVo3Z2lvT3p5RWVBSWg5akdPT0J4ZFJkMApMN0ZFSkdxU1FrZG0wL0sydDJZUURZWnFMQk1UYWhkRjdyWmhFZy9aQUFwK0lFNEJtWDkyeUc2djRtNWIzTUM5CkN1SEk3L2dXUWV5MTBtMEJOOW4rYmVqcGpZaWNkVmIzejBpL1pjSG50QU5BNDc5NWwzUThUMTFVL3FwTGRzdFYKSU5GWUhoUGE1aFowTTVCYTZlZWtXODFWTVAxSkpDQXVVMjVKblpSK0xXLzFCTGUwOUFqWWt2N0VyLzBuZlpRZAo1bTcrMWladFNJVEp1V0YxVTd0QUhPUHAvbUE0MHlvTlRoT1ZKL2tRL1lJUnJRQjBLZUhXVUJESFZWSnJDUThWCjhwT3F0YWZUaEpTWFkxNnlmMDh2OUlVUFArVUNBd0VBQWFOQ01FQXdEZ1lEVlIwUEFRSC9CQVFEQWdJRU1BOEcKQTFVZEV3RUIvd1FGTUFNQkFmOHdIUVlEVlIwT0JCWUVGQmZXSVUrZThVTUJrNU9pWUV4bktEbHJkNHhxTUEwRwpDU3FHU0liM0RRRUJDd1VBQTRJQmdRQ2huSmpGT1g1MmpsZGx5cWtlSitMTGx6bFNCc1pycG55VnVkZDRKcGdUClhPRlhYM0hGZUFJdk41SGhQcEZPNGhuWUNrZkhiVXpyd0E1Q1dFNVV0NmZ2K29BTEh5UVREMEdncGgxOGlkZy8Ka05xNU9aOUZqRnhmTW5KWnNKenpPM0lKUkE5c0cyMVRMTEZ0MUFudWlKMXNpOGZzRk5YMjAxeUV1S3lPR1BKRwphVERRS1FVL3lVVlJDVDU4MmFvdm53Vm1oWVNORld1dlZrdDQwZDFTakZGZ3hVeWc4b2NMRDc1c2tyeGJIajhsCnBnd0FiRW9CNlFRVzVLOWJ5bFNudEhqdm01QUxLbDRVclJ4NE9MRFRqTHlUd0hzNmNtOTRhbjY5NUwxSVJTSEQKcThkYmhQby9YMGdIRHdBREdZTEo2MUs5eGhDb3NTbCt4SzQ1TVZsMk5KdjRjZEtPMk9uRTU1dHl5Z3lVZE1naQpvU3FXY2VEalhLMmJOZElScVF4RFVERExNcitQMXdPbUVSUnZsdkNXbldhbVNmMXVweVRlMUwxRGZpaUd3TlB6CjZrbXlQcjRMVGk2a0oyaXZHb2NaemRsZzJkSzZseGYvL3NPNzloWHNob3VVS0xMdEpndEY2ZUxLTmFWRk9sRFQKazZJby9pSHBCejYzTFoxZm8vUTdQYnM9Ci0tLS0tRU5EIENFUlRJRklDQVRFLS0tLS0K"
              }
            ],
            "master_authorized_networks_config": [],
            "master_version": "1.27.8-gke.1067004",
            "mesh_certificates": [],
            "min_master_version": null,
            "monitoring_config": [
              {
                "advanced_datapath_observability_config": [
                  {
                    "enable_metrics": false,
                    "enable_relay": false,
                    "relay_mode": "DISABLED"
                  }
                ],
                "enable_components": [
                  "SYSTEM_COMPONENTS"
                ],
                "managed_prometheus": [
                  {
                    "enabled": true
                  }
                ]
              }
            ],
            "monitoring_service": "monitoring.googleapis.com/kubernetes",
            "name": "kubernetes-new",
            "network": "projects/pure-polymer-417006/global/networks/default",
            "network_policy": [
              {
                "enabled": false,
                "provider": "PROVIDER_UNSPECIFIED"
              }
            ],
            "networking_mode": "VPC_NATIVE",
            "node_config": [
              {
                "advanced_machine_features": [],
                "boot_disk_kms_key": "",
                "confidential_nodes": [],
                "disk_size_gb": 100,
                "disk_type": "pd-balanced",
                "effective_taints": [],
                "enable_confidential_storage": false,
                "ephemeral_storage_local_ssd_config": [],
                "fast_socket": [],
                "gcfs_config": [],
                "guest_accelerator": [],
                "gvnic": [],
                "host_maintenance_policy": [],
                "image_type": "COS_CONTAINERD",
                "kubelet_config": [],
                "labels": {},
                "linux_node_config": [],
                "local_nvme_ssd_block_config": [],
                "local_ssd_count": 0,
                "logging_variant": "DEFAULT",
                "machine_type": "e2-medium",
                "metadata": {
                  "disable-legacy-endpoints": "true"
                },
                "min_cpu_platform": "",
                "node_group": "",
                "oauth_scopes": [
                  "https://www.googleapis.com/auth/devstorage.read_only",
                  "https://www.googleapis.com/auth/logging.write",
                  "https://www.googleapis.com/auth/monitoring",
                  "https://www.googleapis.com/auth/service.management.readonly",
                  "https://www.googleapis.com/auth/servicecontrol",
                  "https://www.googleapis.com/auth/trace.append"
                ],
                "preemptible": false,
                "reservation_affinity": [],
                "resource_labels": {},
                "resource_manager_tags": {},
                "service_account": "default",
                "shielded_instance_config": [
                  {
                    "enable_integrity_monitoring": true,
                    "enable_secure_boot": false
                  }
                ],
                "sole_tenant_config": [],
                "spot": false,
                "tags": [],
                "taint": [],
                "workload_metadata_config": [
                  {
                    "mode": "GKE_METADATA"
                  }
                ]
              }
            ],
            "node_locations": [
              "us-west1-a",
              "us-west1-b",
              "us-west1-c"
            ],
            "node_pool": [
              {
                "autoscaling": [],
                "initial_node_count": 1,
                "instance_group_urls": [
                  "https://www.googleapis.com/compute/v1/projects/pure-polymer-417006/zones/us-west1-b/instanceGroupManagers/gke-kubernetes-new-main-node-pool-c52b9a8e-grp",
                  "https://www.googleapis.com/compute/v1/projects/pure-polymer-417006/zones/us-west1-a/instanceGroupManagers/gke-kubernetes-new-main-node-pool-7cc15664-grp",
                  "https://www.googleapis.com/compute/v1/projects/pure-polymer-417006/zones/us-west1-c/instanceGroupManagers/gke-kubernetes-new-main-node-pool-53f17ed1-grp"
                ],
                "managed_instance_group_urls": [
                  "https://www.googleapis.com/compute/v1/projects/pure-polymer-417006/zones/us-west1-b/instanceGroups/gke-kubernetes-new-main-node-pool-c52b9a8e-grp",
                  "https://www.googleapis.com/compute/v1/projects/pure-polymer-417006/zones/us-west1-a/instanceGroups/gke-kubernetes-new-main-node-pool-7cc15664-grp",
                  "https://www.googleapis.com/compute/v1/projects/pure-polymer-417006/zones/us-west1-c/instanceGroups/gke-kubernetes-new-main-node-pool-53f17ed1-grp"
                ],
                "management": [
                  {
                    "auto_repair": true,
                    "auto_upgrade": true
                  }
                ],
                "max_pods_per_node": 110,
                "name": "main-node-pool",
                "name_prefix": "",
                "network_config": [
                  {
                    "create_pod_range": false,
                    "enable_private_nodes": false,
                    "network_performance_config": [],
                    "pod_cidr_overprovision_config": [],
                    "pod_ipv4_cidr_block": "10.40.0.0/14",
                    "pod_range": "gke-kubernetes-new-pods-bc58e2a6"
                  }
                ],
                "node_config": [
                  {
                    "advanced_machine_features": [],
                    "boot_disk_kms_key": "",
                    "confidential_nodes": [],
                    "disk_size_gb": 100,
                    "disk_type": "pd-balanced",
                    "effective_taints": [],
                    "enable_confidential_storage": false,
                    "ephemeral_storage_local_ssd_config": [],
                    "fast_socket": [],
                    "gcfs_config": [],
                    "guest_accelerator": [],
                    "gvnic": [],
                    "host_maintenance_policy": [],
                    "image_type": "COS_CONTAINERD",
                    "kubelet_config": [],
                    "labels": {},
                    "linux_node_config": [],
                    "local_nvme_ssd_block_config": [],
                    "local_ssd_count": 0,
                    "logging_variant": "DEFAULT",
                    "machine_type": "e2-medium",
                    "metadata": {
                      "disable-legacy-endpoints": "true"
                    },
                    "min_cpu_platform": "",
                    "node_group": "",
                    "oauth_scopes": [
                      "https://www.googleapis.com/auth/devstorage.read_only",
                      "https://www.googleapis.com/auth/logging.write",
                      "https://www.googleapis.com/auth/monitoring",
                      "https://www.googleapis.com/auth/service.management.readonly",
                      "https://www.googleapis.com/auth/servicecontrol",
                      "https://www.googleapis.com/auth/trace.append"
                    ],
                    "preemptible": false,
                    "reservation_affinity": [],
                    "resource_labels": {},
                    "resource_manager_tags": {},
                    "service_account": "default",
                    "shielded_instance_config": [
                      {
                        "enable_integrity_monitoring": true,
                        "enable_secure_boot": false
                      }
                    ],
                    "sole_tenant_config": [],
                    "spot": false,
                    "tags": [],
                    "taint": [],
                    "workload_metadata_config": [
                      {
                        "mode": "GKE_METADATA"
                      }
                    ]
                  }
                ],
                "node_count": 1,
                "node_locations": [
                  "us-west1-a",
                  "us-west1-b",
                  "us-west1-c"
                ],
                "placement_policy": [],
                "queued_provisioning": [],
                "upgrade_settings": [
                  {
                    "blue_green_settings": [],
                    "max_surge": 1,
                    "max_unavailable": 0,
                    "strategy": "SURGE"
                  }
                ],
                "version": "1.27.8-gke.1067004"
              }
            ],
            "node_pool_auto_config": [],
            "node_pool_defaults": [
              {
                "node_config_defaults": [
                  {
                    "logging_variant": "DEFAULT"
                  }
                ]
              }
            ],
            "node_version": "1.27.8-gke.1067004",
            "notification_config": [
              {
                "pubsub": [
                  {
                    "enabled": false,
                    "filter": [],
                    "topic": ""
                  }
                ]
              }
            ],
            "operation": null,
            "private_cluster_config": [
              {
                "enable_private_endpoint": false,
                "enable_private_nodes": false,
                "master_global_access_config": [
                  {
                    "enabled": false
                  }
                ],
                "master_ipv4_cidr_block": "",
                "peering_name": "",
                "private_endpoint": "10.138.0.2",
                "private_endpoint_subnetwork": "",
                "public_endpoint": "34.82.24.69"
              }
            ],
            "private_ipv6_google_access": "",
            "project": "pure-polymer-417006",
            "release_channel": [
              {
                "channel": "REGULAR"
              }
            ],
            "remove_default_node_pool": true,
            "resource_labels": {},
            "resource_usage_export_config": [],
            "security_posture_config": [
              {
                "mode": "BASIC",
                "vulnerability_mode": "VULNERABILITY_MODE_UNSPECIFIED"
              }
            ],
            "self_link": "https://container.googleapis.com/v1/projects/pure-polymer-417006/locations/us-west1/clusters/kubernetes-new",
            "service_external_ips_config": [
              {
                "enabled": false
              }
            ],
            "services_ipv4_cidr": "10.0.224.0/20",
            "subnetwork": "projects/pure-polymer-417006/regions/us-west1/subnetworks/default",
            "timeouts": null,
            "tpu_ipv4_cidr_block": "",
            "vertical_pod_autoscaling": [],
            "workload_identity_config": [
              {
                "workload_pool": "pure-polymer-417006.svc.id.goog"
              }
            ]
          },
          "sensitive_attributes": [],
          "private": "eyJlMmJmYjczMC1lY2FhLTExZTYtOGY4OC0zNDM2M2JjN2M0YzAiOnsiY3JlYXRlIjoyNDAwMDAwMDAwMDAwLCJkZWxldGUiOjI0MDAwMDAwMDAwMDAsInJlYWQiOjI0MDAwMDAwMDAwMDAsInVwZGF0ZSI6MzYwMDAwMDAwMDAwMH0sInNjaGVtYV92ZXJzaW9uIjoiMiJ9"
        }
      ]
    },
    {
      "mode": "managed",
      "type": "google_container_node_pool",
      "name": "main_node_pool",
      "provider": "provider[\"registry.terraform.io/hashicorp/google\"]",
      "instances": [
        {
          "schema_version": 1,
          "attributes": {
            "autoscaling": [],
            "cluster": "kubernetes-new",
            "id": "projects/pure-polymer-417006/locations/us-west1/clusters/kubernetes-new/nodePools/main-node-pool",
            "initial_node_count": 1,
            "instance_group_urls": [
              "https://www.googleapis.com/compute/v1/projects/pure-polymer-417006/zones/us-west1-b/instanceGroupManagers/gke-kubernetes-new-main-node-pool-c52b9a8e-grp",
              "https://www.googleapis.com/compute/v1/projects/pure-polymer-417006/zones/us-west1-a/instanceGroupManagers/gke-kubernetes-new-main-node-pool-7cc15664-grp",
              "https://www.googleapis.com/compute/v1/projects/pure-polymer-417006/zones/us-west1-c/instanceGroupManagers/gke-kubernetes-new-main-node-pool-53f17ed1-grp"
            ],
            "location": "us-west1",
            "managed_instance_group_urls": [
              "https://www.googleapis.com/compute/v1/projects/pure-polymer-417006/zones/us-west1-b/instanceGroups/gke-kubernetes-new-main-node-pool-c52b9a8e-grp",
              "https://www.googleapis.com/compute/v1/projects/pure-polymer-417006/zones/us-west1-a/instanceGroups/gke-kubernetes-new-main-node-pool-7cc15664-grp",
              "https://www.googleapis.com/compute/v1/projects/pure-polymer-417006/zones/us-west1-c/instanceGroups/gke-kubernetes-new-main-node-pool-53f17ed1-grp"
            ],
            "management": [
              {
                "auto_repair": true,
                "auto_upgrade": true
              }
            ],
            "max_pods_per_node": 110,
            "name": "main-node-pool",
            "name_prefix": "",
            "network_config": [
              {
                "create_pod_range": false,
                "enable_private_nodes": false,
                "network_performance_config": [],
                "pod_cidr_overprovision_config": [],
                "pod_ipv4_cidr_block": "10.40.0.0/14",
                "pod_range": "gke-kubernetes-new-pods-bc58e2a6"
              }
            ],
            "node_config": [
              {
                "advanced_machine_features": [],
                "boot_disk_kms_key": "",
                "confidential_nodes": [],
                "disk_size_gb": 100,
                "disk_type": "pd-balanced",
                "effective_taints": [],
                "enable_confidential_storage": false,
                "ephemeral_storage_local_ssd_config": [],
                "fast_socket": [],
                "gcfs_config": [],
                "guest_accelerator": [],
                "gvnic": [],
                "host_maintenance_policy": [],
                "image_type": "COS_CONTAINERD",
                "kubelet_config": [],
                "labels": {},
                "linux_node_config": [],
                "local_nvme_ssd_block_config": [],
                "local_ssd_count": 0,
                "logging_variant": "DEFAULT",
                "machine_type": "e2-medium",
                "metadata": {
                  "disable-legacy-endpoints": "true"
                },
                "min_cpu_platform": "",
                "node_group": "",
                "oauth_scopes": [
                  "https://www.googleapis.com/auth/devstorage.read_only",
                  "https://www.googleapis.com/auth/logging.write",
                  "https://www.googleapis.com/auth/monitoring",
                  "https://www.googleapis.com/auth/service.management.readonly",
                  "https://www.googleapis.com/auth/servicecontrol",
                  "https://www.googleapis.com/auth/trace.append"
                ],
                "preemptible": false,
                "reservation_affinity": [],
                "resource_labels": {},
                "resource_manager_tags": {},
                "service_account": "default",
                "shielded_instance_config": [
                  {
                    "enable_integrity_monitoring": true,
                    "enable_secure_boot": false
                  }
                ],
                "sole_tenant_config": [],
                "spot": false,
                "tags": [],
                "taint": [],
                "workload_metadata_config": [
                  {
                    "mode": "GKE_METADATA"
                  }
                ]
              }
            ],
            "node_count": 1,
            "node_locations": [
              "us-west1-a",
              "us-west1-b",
              "us-west1-c"
            ],
            "operation": null,
            "placement_policy": [],
            "project": "pure-polymer-417006",
            "queued_provisioning": [],
            "timeouts": null,
            "upgrade_settings": [
              {
                "blue_green_settings": [],
                "max_surge": 1,
                "max_unavailable": 0,
                "strategy": "SURGE"
              }
            ],
            "version": "1.27.8-gke.1067004"
          },
          "sensitive_attributes": [],
          "private": "eyJlMmJmYjczMC1lY2FhLTExZTYtOGY4OC0zNDM2M2JjN2M0YzAiOnsiY3JlYXRlIjoxODAwMDAwMDAwMDAwLCJkZWxldGUiOjE4MDAwMDAwMDAwMDAsInVwZGF0ZSI6MTgwMDAwMDAwMDAwMH0sInNjaGVtYV92ZXJzaW9uIjoiMSJ9",
          "dependencies": [
            "google_container_cluster.main_gke_cluster"
          ]
        }
      ]
    },
    {
      "mode": "managed",
      "type": "null_resource",
      "name": "deploy_backend",
      "provider": "provider[\"registry.terraform.io/hashicorp/null\"]",
      "instances": [
        {
          "schema_version": 0,
          "attributes": {
            "id": "1991569249",
            "triggers": {
              "last_updated": "2024-04-04T09:03:08Z"
            }
          },
          "sensitive_attributes": [],
          "dependencies": [
            "google_container_cluster.main_gke_cluster",
            "google_container_node_pool.main_node_pool"
          ]
        }
      ]
    }
  ],
  "check_results": null
}
